// !$*UTF8*$!
{
	archiveVersion = 1;
	classes = {
	};
	objectVersion = 50;
	objects = {

/* Begin PBXBuildFile section */
		37075F2F234BE64300EB5BA8 /* AppDelegate.m in Sources */ = {isa = PBXBuildFile; fileRef = 37075F2E234BE64300EB5BA8 /* AppDelegate.m */; };
		37075F32234BE64300EB5BA8 /* SceneDelegate.m in Sources */ = {isa = PBXBuildFile; fileRef = 37075F31234BE64300EB5BA8 /* SceneDelegate.m */; };
		37075F38234BE64300EB5BA8 /* Main.storyboard in Resources */ = {isa = PBXBuildFile; fileRef = 37075F36234BE64300EB5BA8 /* Main.storyboard */; };
		37075F3A234BE64400EB5BA8 /* Assets.xcassets in Resources */ = {isa = PBXBuildFile; fileRef = 37075F39234BE64400EB5BA8 /* Assets.xcassets */; };
		37075F3D234BE64400EB5BA8 /* LaunchScreen.storyboard in Resources */ = {isa = PBXBuildFile; fileRef = 37075F3B234BE64400EB5BA8 /* LaunchScreen.storyboard */; };
		37075F40234BE64400EB5BA8 /* main.m in Sources */ = {isa = PBXBuildFile; fileRef = 37075F3F234BE64400EB5BA8 /* main.m */; };
		37941070234BE9B20025CE4E /* MJRPlanetsCollectionViewController.m in Sources */ = {isa = PBXBuildFile; fileRef = 3794106F234BE9B20025CE4E /* MJRPlanetsCollectionViewController.m */; };
		37941074234BEAF20025CE4E /* MJRPlanetsCollectionViewCell.m in Sources */ = {isa = PBXBuildFile; fileRef = 37941073234BEAF20025CE4E /* MJRPlanetsCollectionViewCell.m */; };
		37941079234BEF720025CE4E /* MJRSettingsViewController.m in Sources */ = {isa = PBXBuildFile; fileRef = 37941078234BEF720025CE4E /* MJRSettingsViewController.m */; };
		3794107E234BF44F0025CE4E /* MJRPlanet.m in Sources */ = {isa = PBXBuildFile; fileRef = 3794107D234BF44F0025CE4E /* MJRPlanet.m */; };
		37941082234BF9AB0025CE4E /* MJRPlanetController.m in Sources */ = {isa = PBXBuildFile; fileRef = 37941081234BF9AB0025CE4E /* MJRPlanetController.m */; };
/* End PBXBuildFile section */

/* Begin PBXFileReference section */
		37075F2A234BE64300EB5BA8 /* Planets-ObjC.app */ = {isa = PBXFileReference; explicitFileType = wrapper.application; includeInIndex = 0; path = "Planets-ObjC.app"; sourceTree = BUILT_PRODUCTS_DIR; };
		37075F2D234BE64300EB5BA8 /* AppDelegate.h */ = {isa = PBXFileReference; lastKnownFileType = sourcecode.c.h; path = AppDelegate.h; sourceTree = "<group>"; };
		37075F2E234BE64300EB5BA8 /* AppDelegate.m */ = {isa = PBXFileReference; lastKnownFileType = sourcecode.c.objc; path = AppDelegate.m; sourceTree = "<group>"; };
		37075F30234BE64300EB5BA8 /* SceneDelegate.h */ = {isa = PBXFileReference; lastKnownFileType = sourcecode.c.h; path = SceneDelegate.h; sourceTree = "<group>"; };
		37075F31234BE64300EB5BA8 /* SceneDelegate.m */ = {isa = PBXFileReference; lastKnownFileType = sourcecode.c.objc; path = SceneDelegate.m; sourceTree = "<group>"; };
		37075F37234BE64300EB5BA8 /* Base */ = {isa = PBXFileReference; lastKnownFileType = file.storyboard; name = Base; path = Base.lproj/Main.storyboard; sourceTree = "<group>"; };
		37075F39234BE64400EB5BA8 /* Assets.xcassets */ = {isa = PBXFileReference; lastKnownFileType = folder.assetcatalog; path = Assets.xcassets; sourceTree = "<group>"; };
		37075F3C234BE64400EB5BA8 /* Base */ = {isa = PBXFileReference; lastKnownFileType = file.storyboard; name = Base; path = Base.lproj/LaunchScreen.storyboard; sourceTree = "<group>"; };
		37075F3E234BE64400EB5BA8 /* Info.plist */ = {isa = PBXFileReference; lastKnownFileType = text.plist.xml; path = Info.plist; sourceTree = "<group>"; };
		37075F3F234BE64400EB5BA8 /* main.m */ = {isa = PBXFileReference; lastKnownFileType = sourcecode.c.objc; path = main.m; sourceTree = "<group>"; };
		3794106E234BE9B20025CE4E /* MJRPlanetsCollectionViewController.h */ = {isa = PBXFileReference; lastKnownFileType = sourcecode.c.h; path = MJRPlanetsCollectionViewController.h; sourceTree = "<group>"; };
		3794106F234BE9B20025CE4E /* MJRPlanetsCollectionViewController.m */ = {isa = PBXFileReference; lastKnownFileType = sourcecode.c.objc; path = MJRPlanetsCollectionViewController.m; sourceTree = "<group>"; };
		37941072234BEAF20025CE4E /* MJRPlanetsCollectionViewCell.h */ = {isa = PBXFileReference; lastKnownFileType = sourcecode.c.h; path = MJRPlanetsCollectionViewCell.h; sourceTree = "<group>"; };
		37941073234BEAF20025CE4E /* MJRPlanetsCollectionViewCell.m */ = {isa = PBXFileReference; lastKnownFileType = sourcecode.c.objc; path = MJRPlanetsCollectionViewCell.m; sourceTree = "<group>"; };
		37941077234BEF720025CE4E /* MJRSettingsViewController.h */ = {isa = PBXFileReference; lastKnownFileType = sourcecode.c.h; path = MJRSettingsViewController.h; sourceTree = "<group>"; };
		37941078234BEF720025CE4E /* MJRSettingsViewController.m */ = {isa = PBXFileReference; lastKnownFileType = sourcecode.c.objc; path = MJRSettingsViewController.m; sourceTree = "<group>"; };
		3794107C234BF44F0025CE4E /* MJRPlanet.h */ = {isa = PBXFileReference; lastKnownFileType = sourcecode.c.h; path = MJRPlanet.h; sourceTree = "<group>"; };
		3794107D234BF44F0025CE4E /* MJRPlanet.m */ = {isa = PBXFileReference; lastKnownFileType = sourcecode.c.objc; path = MJRPlanet.m; sourceTree = "<group>"; };
		37941080234BF9AB0025CE4E /* MJRPlanetController.h */ = {isa = PBXFileReference; lastKnownFileType = sourcecode.c.h; path = MJRPlanetController.h; sourceTree = "<group>"; };
		37941081234BF9AB0025CE4E /* MJRPlanetController.m */ = {isa = PBXFileReference; lastKnownFileType = sourcecode.c.objc; path = MJRPlanetController.m; sourceTree = "<group>"; };
/* End PBXFileReference section */

/* Begin PBXFrameworksBuildPhase section */
		37075F27234BE64300EB5BA8 /* Frameworks */ = {
			isa = PBXFrameworksBuildPhase;
			buildActionMask = 2147483647;
			files = (
			);
			runOnlyForDeploymentPostprocessing = 0;
		};
/* End PBXFrameworksBuildPhase section */

/* Begin PBXGroup section */
		37075F21234BE64300EB5BA8 = {
			isa = PBXGroup;
			children = (
				37075F2C234BE64300EB5BA8 /* Planets-ObjC */,
				37075F2B234BE64300EB5BA8 /* Products */,
			);
			sourceTree = "<group>";
		};
		37075F2B234BE64300EB5BA8 /* Products */ = {
			isa = PBXGroup;
			children = (
				37075F2A234BE64300EB5BA8 /* Planets-ObjC.app */,
			);
			name = Products;
			sourceTree = "<group>";
		};
		37075F2C234BE64300EB5BA8 /* Planets-ObjC */ = {
			isa = PBXGroup;
			children = (
				3794107B234BF42B0025CE4E /* Model-Controller */,
				3794107A234BF41D0025CE4E /* Model */,
				37941071234BEAB60025CE4E /* Views */,
				3794106D234BE9900025CE4E /* View-Controllers */,
				37075F47234BE76E00EB5BA8 /* Storyboards */,
				37075F39234BE64400EB5BA8 /* Assets.xcassets */,
				37075F3E234BE64400EB5BA8 /* Info.plist */,
				37075F46234BE6FD00EB5BA8 /* Starter + Project */,
			);
			path = "Planets-ObjC";
			sourceTree = "<group>";
		};
		37075F46234BE6FD00EB5BA8 /* Starter + Project */ = {
			isa = PBXGroup;
			children = (
				37075F2D234BE64300EB5BA8 /* AppDelegate.h */,
				37075F2E234BE64300EB5BA8 /* AppDelegate.m */,
				37075F30234BE64300EB5BA8 /* SceneDelegate.h */,
				37075F31234BE64300EB5BA8 /* SceneDelegate.m */,
				37075F3F234BE64400EB5BA8 /* main.m */,
			);
			path = "Starter + Project";
			sourceTree = "<group>";
		};
		37075F47234BE76E00EB5BA8 /* Storyboards */ = {
			isa = PBXGroup;
			children = (
				37075F36234BE64300EB5BA8 /* Main.storyboard */,
				37075F3B234BE64400EB5BA8 /* LaunchScreen.storyboard */,
			);
			path = Storyboards;
			sourceTree = "<group>";
		};
		3794106D234BE9900025CE4E /* View-Controllers */ = {
			isa = PBXGroup;
			children = (
				37941076234BEF500025CE4E /* Settings-VC */,
				37941075234BEF3F0025CE4E /* Planets-Collection-VC */,
			);
			path = "View-Controllers";
			sourceTree = "<group>";
		};
		37941071234BEAB60025CE4E /* Views */ = {
			isa = PBXGroup;
			children = (
				37941072234BEAF20025CE4E /* MJRPlanetsCollectionViewCell.h */,
				37941073234BEAF20025CE4E /* MJRPlanetsCollectionViewCell.m */,
			);
			path = Views;
			sourceTree = "<group>";
		};
		37941075234BEF3F0025CE4E /* Planets-Collection-VC */ = {
			isa = PBXGroup;
			children = (
				3794106E234BE9B20025CE4E /* MJRPlanetsCollectionViewController.h */,
				3794106F234BE9B20025CE4E /* MJRPlanetsCollectionViewController.m */,
			);
			path = "Planets-Collection-VC";
			sourceTree = "<group>";
		};
		37941076234BEF500025CE4E /* Settings-VC */ = {
			isa = PBXGroup;
			children = (
				37941077234BEF720025CE4E /* MJRSettingsViewController.h */,
				37941078234BEF720025CE4E /* MJRSettingsViewController.m */,
			);
			path = "Settings-VC";
			sourceTree = "<group>";
		};
		3794107A234BF41D0025CE4E /* Model */ = {
			isa = PBXGroup;
			children = (
				3794107F234BF45F0025CE4E /* Planet */,
			);
			path = Model;
			sourceTree = "<group>";
		};
		3794107B234BF42B0025CE4E /* Model-Controller */ = {
			isa = PBXGroup;
			children = (
				37941083234BF9B80025CE4E /* Planet-Controller */,
			);
			path = "Model-Controller";
			sourceTree = "<group>";
		};
		3794107F234BF45F0025CE4E /* Planet */ = {
			isa = PBXGroup;
			children = (
				3794107C234BF44F0025CE4E /* MJRPlanet.h */,
				3794107D234BF44F0025CE4E /* MJRPlanet.m */,
			);
			path = Planet;
			sourceTree = "<group>";
		};
		37941083234BF9B80025CE4E /* Planet-Controller */ = {
			isa = PBXGroup;
			children = (
				37941080234BF9AB0025CE4E /* MJRPlanetController.h */,
				37941081234BF9AB0025CE4E /* MJRPlanetController.m */,
			);
			path = "Planet-Controller";
			sourceTree = "<group>";
		};
/* End PBXGroup section */

/* Begin PBXNativeTarget section */
		37075F29234BE64300EB5BA8 /* Planets-ObjC */ = {
			isa = PBXNativeTarget;
			buildConfigurationList = 37075F43234BE64400EB5BA8 /* Build configuration list for PBXNativeTarget "Planets-ObjC" */;
			buildPhases = (
				37075F26234BE64300EB5BA8 /* Sources */,
				37075F27234BE64300EB5BA8 /* Frameworks */,
				37075F28234BE64300EB5BA8 /* Resources */,
			);
			buildRules = (
			);
			dependencies = (
			);
			name = "Planets-ObjC";
			productName = "Planets-ObjC";
			productReference = 37075F2A234BE64300EB5BA8 /* Planets-ObjC.app */;
			productType = "com.apple.product-type.application";
		};
/* End PBXNativeTarget section */

/* Begin PBXProject section */
		37075F22234BE64300EB5BA8 /* Project object */ = {
			isa = PBXProject;
			attributes = {
				LastUpgradeCheck = 1100;
				ORGANIZATIONNAME = "Marlon Raskin";
				TargetAttributes = {
					37075F29234BE64300EB5BA8 = {
						CreatedOnToolsVersion = 11.0;
					};
				};
			};
			buildConfigurationList = 37075F25234BE64300EB5BA8 /* Build configuration list for PBXProject "Planets-ObjC" */;
			compatibilityVersion = "Xcode 9.3";
			developmentRegion = en;
			hasScannedForEncodings = 0;
			knownRegions = (
				en,
				Base,
			);
			mainGroup = 37075F21234BE64300EB5BA8;
			productRefGroup = 37075F2B234BE64300EB5BA8 /* Products */;
			projectDirPath = "";
			projectRoot = "";
			targets = (
				37075F29234BE64300EB5BA8 /* Planets-ObjC */,
			);
		};
/* End PBXProject section */

/* Begin PBXResourcesBuildPhase section */
		37075F28234BE64300EB5BA8 /* Resources */ = {
			isa = PBXResourcesBuildPhase;
			buildActionMask = 2147483647;
			files = (
				37075F3D234BE64400EB5BA8 /* LaunchScreen.storyboard in Resources */,
				37075F3A234BE64400EB5BA8 /* Assets.xcassets in Resources */,
				37075F38234BE64300EB5BA8 /* Main.storyboard in Resources */,
			);
			runOnlyForDeploymentPostprocessing = 0;
		};
/* End PBXResourcesBuildPhase section */

/* Begin PBXSourcesBuildPhase section */
		37075F26234BE64300EB5BA8 /* Sources */ = {
			isa = PBXSourcesBuildPhase;
			buildActionMask = 2147483647;
			files = (
				37941074234BEAF20025CE4E /* MJRPlanetsCollectionViewCell.m in Sources */,
				37941082234BF9AB0025CE4E /* MJRPlanetController.m in Sources */,
				37075F2F234BE64300EB5BA8 /* AppDelegate.m in Sources */,
				37075F40234BE64400EB5BA8 /* main.m in Sources */,
				37941070234BE9B20025CE4E /* MJRPlanetsCollectionViewController.m in Sources */,
				3794107E234BF44F0025CE4E /* MJRPlanet.m in Sources */,
				37941079234BEF720025CE4E /* MJRSettingsViewController.m in Sources */,
				37075F32234BE64300EB5BA8 /* SceneDelegate.m in Sources */,
			);
			runOnlyForDeploymentPostprocessing = 0;
		};
/* End PBXSourcesBuildPhase section */

/* Begin PBXVariantGroup section */
		37075F36234BE64300EB5BA8 /* Main.storyboard */ = {
			isa = PBXVariantGroup;
			children = (
				37075F37234BE64300EB5BA8 /* Base */,
			);
			name = Main.storyboard;
			sourceTree = "<group>";
		};
		37075F3B234BE64400EB5BA8 /* LaunchScreen.storyboard */ = {
			isa = PBXVariantGroup;
			children = (
				37075F3C234BE64400EB5BA8 /* Base */,
			);
			name = LaunchScreen.storyboard;
			sourceTree = "<group>";
		};
/* End PBXVariantGroup section */

/* Begin XCBuildConfiguration section */
		37075F41234BE64400EB5BA8 /* Debug */ = {
			isa = XCBuildConfiguration;
			buildSettings = {
				ALWAYS_SEARCH_USER_PATHS = NO;
				CLANG_ANALYZER_NONNULL = YES;
				CLANG_ANALYZER_NUMBER_OBJECT_CONVERSION = YES_AGGRESSIVE;
				CLANG_CXX_LANGUAGE_STANDARD = "gnu++14";
				CLANG_CXX_LIBRARY = "libc++";
				CLANG_ENABLE_MODULES = YES;
				CLANG_ENABLE_OBJC_ARC = YES;
				CLANG_ENABLE_OBJC_WEAK = YES;
				CLANG_WARN_BLOCK_CAPTURE_AUTORELEASING = YES;
				CLANG_WARN_BOOL_CONVERSION = YES;
				CLANG_WARN_COMMA = YES;
				CLANG_WARN_CONSTANT_CONVERSION = YES;
				CLANG_WARN_DEPRECATED_OBJC_IMPLEMENTATIONS = YES;
				CLANG_WARN_DIRECT_OBJC_ISA_USAGE = YES_ERROR;
				CLANG_WARN_DOCUMENTATION_COMMENTS = YES;
				CLANG_WARN_EMPTY_BODY = YES;
				CLANG_WARN_ENUM_CONVERSION = YES;
				CLANG_WARN_INFINITE_RECURSION = YES;
				CLANG_WARN_INT_CONVERSION = YES;
				CLANG_WARN_NON_LITERAL_NULL_CONVERSION = YES;
				CLANG_WARN_OBJC_IMPLICIT_RETAIN_SELF = YES;
				CLANG_WARN_OBJC_LITERAL_CONVERSION = YES;
				CLANG_WARN_OBJC_ROOT_CLASS = YES_ERROR;
				CLANG_WARN_RANGE_LOOP_ANALYSIS = YES;
				CLANG_WARN_STRICT_PROTOTYPES = YES;
				CLANG_WARN_SUSPICIOUS_MOVE = YES;
				CLANG_WARN_UNGUARDED_AVAILABILITY = YES_AGGRESSIVE;
				CLANG_WARN_UNREACHABLE_CODE = YES;
				CLANG_WARN__DUPLICATE_METHOD_MATCH = YES;
				COPY_PHASE_STRIP = NO;
				DEBUG_INFORMATION_FORMAT = dwarf;
				ENABLE_STRICT_OBJC_MSGSEND = YES;
				ENABLE_TESTABILITY = YES;
				GCC_C_LANGUAGE_STANDARD = gnu11;
				GCC_DYNAMIC_NO_PIC = NO;
				GCC_NO_COMMON_BLOCKS = YES;
				GCC_OPTIMIZATION_LEVEL = 0;
				GCC_PREPROCESSOR_DEFINITIONS = (
					"DEBUG=1",
					"$(inherited)",
				);
				GCC_WARN_64_TO_32_BIT_CONVERSION = YES;
				GCC_WARN_ABOUT_RETURN_TYPE = YES_ERROR;
				GCC_WARN_UNDECLARED_SELECTOR = YES;
				GCC_WARN_UNINITIALIZED_AUTOS = YES_AGGRESSIVE;
				GCC_WARN_UNUSED_FUNCTION = YES;
				GCC_WARN_UNUSED_VARIABLE = YES;
				IPHONEOS_DEPLOYMENT_TARGET = 13.0;
				MTL_ENABLE_DEBUG_INFO = INCLUDE_SOURCE;
				MTL_FAST_MATH = YES;
				ONLY_ACTIVE_ARCH = YES;
				SDKROOT = iphoneos;
			};
			name = Debug;
		};
		37075F42234BE64400EB5BA8 /* Release */ = {
			isa = XCBuildConfiguration;
			buildSettings = {
				ALWAYS_SEARCH_USER_PATHS = NO;
				CLANG_ANALYZER_NONNULL = YES;
				CLANG_ANALYZER_NUMBER_OBJECT_CONVERSION = YES_AGGRESSIVE;
				CLANG_CXX_LANGUAGE_STANDARD = "gnu++14";
				CLANG_CXX_LIBRARY = "libc++";
				CLANG_ENABLE_MODULES = YES;
				CLANG_ENABLE_OBJC_ARC = YES;
				CLANG_ENABLE_OBJC_WEAK = YES;
				CLANG_WARN_BLOCK_CAPTURE_AUTORELEASING = YES;
				CLANG_WARN_BOOL_CONVERSION = YES;
				CLANG_WARN_COMMA = YES;
				CLANG_WARN_CONSTANT_CONVERSION = YES;
				CLANG_WARN_DEPRECATED_OBJC_IMPLEMENTATIONS = YES;
				CLANG_WARN_DIRECT_OBJC_ISA_USAGE = YES_ERROR;
				CLANG_WARN_DOCUMENTATION_COMMENTS = YES;
				CLANG_WARN_EMPTY_BODY = YES;
				CLANG_WARN_ENUM_CONVERSION = YES;
				CLANG_WARN_INFINITE_RECURSION = YES;
				CLANG_WARN_INT_CONVERSION = YES;
				CLANG_WARN_NON_LITERAL_NULL_CONVERSION = YES;
				CLANG_WARN_OBJC_IMPLICIT_RETAIN_SELF = YES;
				CLANG_WARN_OBJC_LITERAL_CONVERSION = YES;
				CLANG_WARN_OBJC_ROOT_CLASS = YES_ERROR;
				CLANG_WARN_RANGE_LOOP_ANALYSIS = YES;
				CLANG_WARN_STRICT_PROTOTYPES = YES;
				CLANG_WARN_SUSPICIOUS_MOVE = YES;
				CLANG_WARN_UNGUARDED_AVAILABILITY = YES_AGGRESSIVE;
				CLANG_WARN_UNREACHABLE_CODE = YES;
				CLANG_WARN__DUPLICATE_METHOD_MATCH = YES;
				COPY_PHASE_STRIP = NO;
				DEBUG_INFORMATION_FORMAT = "dwarf-with-dsym";
				ENABLE_NS_ASSERTIONS = NO;
				ENABLE_STRICT_OBJC_MSGSEND = YES;
				GCC_C_LANGUAGE_STANDARD = gnu11;
				GCC_NO_COMMON_BLOCKS = YES;
				GCC_WARN_64_TO_32_BIT_CONVERSION = YES;
				GCC_WARN_ABOUT_RETURN_TYPE = YES_ERROR;
				GCC_WARN_UNDECLARED_SELECTOR = YES;
				GCC_WARN_UNINITIALIZED_AUTOS = YES_AGGRESSIVE;
				GCC_WARN_UNUSED_FUNCTION = YES;
				GCC_WARN_UNUSED_VARIABLE = YES;
				IPHONEOS_DEPLOYMENT_TARGET = 13.0;
				MTL_ENABLE_DEBUG_INFO = NO;
				MTL_FAST_MATH = YES;
				SDKROOT = iphoneos;
				VALIDATE_PRODUCT = YES;
			};
			name = Release;
		};
		37075F44234BE64400EB5BA8 /* Debug */ = {
			isa = XCBuildConfiguration;
			buildSettings = {
				ASSETCATALOG_COMPILER_APPICON_NAME = AppIcon;
				CODE_SIGN_STYLE = Automatic;
				DEVELOPMENT_TEAM = D6VB3396MT;
				INFOPLIST_FILE = "Planets-ObjC/Info.plist";
				LD_RUNPATH_SEARCH_PATHS = (
					"$(inherited)",
					"@executable_path/Frameworks",
				);
				PRODUCT_BUNDLE_IDENTIFIER = "com.marlonraskin.Planets-ObjC";
				PRODUCT_NAME = "$(TARGET_NAME)";
				TARGETED_DEVICE_FAMILY = "1,2";
			};
			name = Debug;
		};
		37075F45234BE64400EB5BA8 /* Release */ = {
			isa = XCBuildConfiguration;
			buildSettings = {
				ASSETCATALOG_COMPILER_APPICON_NAME = AppIcon;
				CODE_SIGN_STYLE = Automatic;
				DEVELOPMENT_TEAM = D6VB3396MT;
				INFOPLIST_FILE = "Planets-ObjC/Info.plist";
				LD_RUNPATH_SEARCH_PATHS = (
					"$(inherited)",
					"@executable_path/Frameworks",
				);
				PRODUCT_BUNDLE_IDENTIFIER = "com.marlonraskin.Planets-ObjC";
				PRODUCT_NAME = "$(TARGET_NAME)";
				TARGETED_DEVICE_FAMILY = "1,2";
			};
			name = Release;
		};
/* End XCBuildConfiguration section */

/* Begin XCConfigurationList section */
		37075F25234BE64300EB5BA8 /* Build configuration list for PBXProject "Planets-ObjC" */ = {
			isa = XCConfigurationList;
			buildConfigurations = (
				37075F41234BE64400EB5BA8 /* Debug */,
				37075F42234BE64400EB5BA8 /* Release */,
			);
			defaultConfigurationIsVisible = 0;
			defaultConfigurationName = Release;
		};
		37075F43234BE64400EB5BA8 /* Build configuration list for PBXNativeTarget "Planets-ObjC" */ = {
			isa = XCConfigurationList;
			buildConfigurations = (
				37075F44234BE64400EB5BA8 /* Debug */,
				37075F45234BE64400EB5BA8 /* Release */,
			);
			defaultConfigurationIsVisible = 0;
			defaultConfigurationName = Release;
		};
/* End XCConfigurationList section */
	};
	rootObject = 37075F22234BE64300EB5BA8 /* Project object */;
}
